
Microsoft Visual Studio Solution File, Format Version 12.00
# Visual Studio Version 16
VisualStudioVersion = 16.0.30413.136
MinimumVisualStudioVersion = 10.0.40219.1
Project("{FAE04EC0-301F-11D3-BF4B-00C04F79EFBC}") = "app01", "app01\app01.csproj", "{F76C19C3-C209-4832-8D73-754CD0EB3F79}"
EndProject
Project("{FAE04EC0-301F-11D3-BF4B-00C04F79EFBC}") = "operaciones", "operaciones\operaciones.csproj", "{44081084-624E-4A9A-90DD-AB9C7BF20E55}"
EndProject
Project("{FAE04EC0-301F-11D3-BF4B-00C04F79EFBC}") = "Libreria", "Libreria\Libreria.csproj", "{34774427-16C8-4DC8-A812-63D37EFE2690}"
EndProject
Global
	GlobalSection(SolutionConfigurationPlatforms) = preSolution
		Debug|Any CPU = Debug|Any CPU
		Release|Any CPU = Release|Any CPU
	EndGlobalSection
	GlobalSection(ProjectConfigurationPlatforms) = postSolution
		{F76C19C3-C209-4832-8D73-754CD0EB3F79}.Debug|Any CPU.ActiveCfg = Debug|Any CPU
		{F76C19C3-C209-4832-8D73-754CD0EB3F79}.Debug|Any CPU.Build.0 = Debug|Any CPU
		{F76C19C3-C209-4832-8D73-754CD0EB3F79}.Release|Any CPU.ActiveCfg = Release|Any CPU
		{F76C19C3-C209-4832-8D73-754CD0EB3F79}.Release|Any CPU.Build.0 = Release|Any CPU
		{44081084-624E-4A9A-90DD-AB9C7BF20E55}.Debug|Any CPU.ActiveCfg = Debug|Any CPU
		{44081084-624E-4A9A-90DD-AB9C7BF20E55}.Debug|Any CPU.Build.0 = Debug|Any CPU
		{44081084-624E-4A9A-90DD-AB9C7BF20E55}.Release|Any CPU.ActiveCfg = Release|Any CPU
		{44081084-624E-4A9A-90DD-AB9C7BF20E55}.Release|Any CPU.Build.0 = Release|Any CPU
		{34774427-16C8-4DC8-A812-63D37EFE2690}.Debug|Any CPU.ActiveCfg = Debug|Any CPU
		{34774427-16C8-4DC8-A812-63D37EFE2690}.Debug|Any CPU.Build.0 = Debug|Any CPU
		{34774427-16C8-4DC8-A812-63D37EFE2690}.Release|Any CPU.ActiveCfg = Release|Any CPU
		{34774427-16C8-4DC8-A812-63D37EFE2690}.Release|Any CPU.Build.0 = Release|Any CPU
	EndGlobalSection
	GlobalSection(SolutionProperties) = preSolution
		HideSolutionNode = FALSE
	EndGlobalSection
	GlobalSection(ExtensibilityGlobals) = postSolution
		SolutionGuid = {D1FFF821-4306-4299-8EAF-04304536CC26}
	EndGlobalSection
EndGlobal
